// !$*UTF8*$!
{
	archiveVersion = 1;
	classes = {
	};
	objectVersion = 50;
	objects = {

/* Begin PBXBuildFile section */
		1D61FBEE5CC404E9CA4EE244 /* Pods_SOML.framework in Frameworks */ = {isa = PBXBuildFile; fileRef = 50D4CE1BF445A6CFCDF49EEE /* Pods_SOML.framework */; };
		BE0C4750212EA8250034589F /* AppDelegate.swift in Sources */ = {isa = PBXBuildFile; fileRef = BE0C474F212EA8250034589F /* AppDelegate.swift */; };
		BE0C4752212EA8250034589F /* ViewController.swift in Sources */ = {isa = PBXBuildFile; fileRef = BE0C4751212EA8250034589F /* ViewController.swift */; };
		BE0C4757212EA8290034589F /* Assets.xcassets in Resources */ = {isa = PBXBuildFile; fileRef = BE0C4756212EA8290034589F /* Assets.xcassets */; };
		BE0C475A212EA8290034589F /* LaunchScreen.storyboard in Resources */ = {isa = PBXBuildFile; fileRef = BE0C4758212EA8290034589F /* LaunchScreen.storyboard */; };
		BE0C4763212EB33C0034589F /* AppDelegate+UI.swift in Sources */ = {isa = PBXBuildFile; fileRef = BE0C4762212EB33C0034589F /* AppDelegate+UI.swift */; };
		BE0C4765212EB4240034589F /* MainTabBarController.swift in Sources */ = {isa = PBXBuildFile; fileRef = BE0C4764212EB4240034589F /* MainTabBarController.swift */; };
/* End PBXBuildFile section */

/* Begin PBXFileReference section */
		172A896B31A412F5731772B3 /* Pods-SOML.debug.xcconfig */ = {isa = PBXFileReference; includeInIndex = 1; lastKnownFileType = text.xcconfig; name = "Pods-SOML.debug.xcconfig"; path = "Pods/Target Support Files/Pods-SOML/Pods-SOML.debug.xcconfig"; sourceTree = "<group>"; };
		457BC69297176583EA46B4D4 /* Pods-SOML.release.xcconfig */ = {isa = PBXFileReference; includeInIndex = 1; lastKnownFileType = text.xcconfig; name = "Pods-SOML.release.xcconfig"; path = "Pods/Target Support Files/Pods-SOML/Pods-SOML.release.xcconfig"; sourceTree = "<group>"; };
		50D4CE1BF445A6CFCDF49EEE /* Pods_SOML.framework */ = {isa = PBXFileReference; explicitFileType = wrapper.framework; includeInIndex = 0; path = Pods_SOML.framework; sourceTree = BUILT_PRODUCTS_DIR; };
		BE0C474C212EA8250034589F /* SOML.app */ = {isa = PBXFileReference; explicitFileType = wrapper.application; includeInIndex = 0; path = SOML.app; sourceTree = BUILT_PRODUCTS_DIR; };
		BE0C474F212EA8250034589F /* AppDelegate.swift */ = {isa = PBXFileReference; lastKnownFileType = sourcecode.swift; path = AppDelegate.swift; sourceTree = "<group>"; };
		BE0C4751212EA8250034589F /* ViewController.swift */ = {isa = PBXFileReference; lastKnownFileType = sourcecode.swift; path = ViewController.swift; sourceTree = "<group>"; };
		BE0C4756212EA8290034589F /* Assets.xcassets */ = {isa = PBXFileReference; lastKnownFileType = folder.assetcatalog; path = Assets.xcassets; sourceTree = "<group>"; };
		BE0C4759212EA8290034589F /* Base */ = {isa = PBXFileReference; lastKnownFileType = file.storyboard; name = Base; path = Base.lproj/LaunchScreen.storyboard; sourceTree = "<group>"; };
		BE0C475B212EA8290034589F /* Info.plist */ = {isa = PBXFileReference; lastKnownFileType = text.plist.xml; path = Info.plist; sourceTree = "<group>"; };
		BE0C4762212EB33C0034589F /* AppDelegate+UI.swift */ = {isa = PBXFileReference; lastKnownFileType = sourcecode.swift; path = "AppDelegate+UI.swift"; sourceTree = "<group>"; };
		BE0C4764212EB4240034589F /* MainTabBarController.swift */ = {isa = PBXFileReference; lastKnownFileType = sourcecode.swift; path = MainTabBarController.swift; sourceTree = "<group>"; };
/* End PBXFileReference section */

/* Begin PBXFrameworksBuildPhase section */
		BE0C4749212EA8250034589F /* Frameworks */ = {
			isa = PBXFrameworksBuildPhase;
			buildActionMask = 2147483647;
			files = (
				1D61FBEE5CC404E9CA4EE244 /* Pods_SOML.framework in Frameworks */,
			);
			runOnlyForDeploymentPostprocessing = 0;
		};
/* End PBXFrameworksBuildPhase section */

/* Begin PBXGroup section */
		5F65D9C1DE8C5555019BB843 /* Frameworks */ = {
			isa = PBXGroup;
			children = (
				50D4CE1BF445A6CFCDF49EEE /* Pods_SOML.framework */,
			);
			name = Frameworks;
			sourceTree = "<group>";
		};
		B302A80EC7B499F2B046F6D7 /* Pods */ = {
			isa = PBXGroup;
			children = (
				172A896B31A412F5731772B3 /* Pods-SOML.debug.xcconfig */,
				457BC69297176583EA46B4D4 /* Pods-SOML.release.xcconfig */,
			);
			name = Pods;
			sourceTree = "<group>";
		};
		BE0C4743212EA8250034589F = {
			isa = PBXGroup;
			children = (
				BE0C474E212EA8250034589F /* SOML */,
				BE0C474D212EA8250034589F /* Products */,
				B302A80EC7B499F2B046F6D7 /* Pods */,
				5F65D9C1DE8C5555019BB843 /* Frameworks */,
			);
			sourceTree = "<group>";
		};
		BE0C474D212EA8250034589F /* Products */ = {
			isa = PBXGroup;
			children = (
				BE0C474C212EA8250034589F /* SOML.app */,
			);
			name = Products;
			sourceTree = "<group>";
		};
		BE0C474E212EA8250034589F /* SOML */ = {
			isa = PBXGroup;
			children = (
				BE0C4761212EB3140034589F /* Main */,
				BE0C4751212EA8250034589F /* ViewController.swift */,
				BE0C4756212EA8290034589F /* Assets.xcassets */,
				BE0C4758212EA8290034589F /* LaunchScreen.storyboard */,
				BE0C475B212EA8290034589F /* Info.plist */,
			);
			path = SOML;
			sourceTree = "<group>";
		};
		BE0C4761212EB3140034589F /* Main */ = {
			isa = PBXGroup;
			children = (
				BE0C474F212EA8250034589F /* AppDelegate.swift */,
				BE0C4762212EB33C0034589F /* AppDelegate+UI.swift */,
				BE0C4764212EB4240034589F /* MainTabBarController.swift */,
			);
			path = Main;
			sourceTree = "<group>";
		};
/* End PBXGroup section */

/* Begin PBXNativeTarget section */
		BE0C474B212EA8250034589F /* SOML */ = {
			isa = PBXNativeTarget;
			buildConfigurationList = BE0C475E212EA8290034589F /* Build configuration list for PBXNativeTarget "SOML" */;
			buildPhases = (
				F490D0787757AD8A21158BBA /* [CP] Check Pods Manifest.lock */,
				BE0C4748212EA8250034589F /* Sources */,
				BE0C4749212EA8250034589F /* Frameworks */,
				BE0C474A212EA8250034589F /* Resources */,
				FCCF5837FDD03813F07C8847 /* [CP] Embed Pods Frameworks */,
			);
			buildRules = (
			);
			dependencies = (
			);
			name = SOML;
			productName = SOML;
			productReference = BE0C474C212EA8250034589F /* SOML.app */;
			productType = "com.apple.product-type.application";
		};
/* End PBXNativeTarget section */

/* Begin PBXProject section */
		BE0C4744212EA8250034589F /* Project object */ = {
			isa = PBXProject;
			attributes = {
				LastSwiftUpdateCheck = 0940;
				LastUpgradeCheck = 0940;
				ORGANIZATIONNAME = Maple.im;
				TargetAttributes = {
					BE0C474B212EA8250034589F = {
						CreatedOnToolsVersion = 9.4.1;
					};
				};
			};
			buildConfigurationList = BE0C4747212EA8250034589F /* Build configuration list for PBXProject "SOML" */;
			compatibilityVersion = "Xcode 9.3";
			developmentRegion = en;
			hasScannedForEncodings = 0;
			knownRegions = (
				en,
				Base,
			);
			mainGroup = BE0C4743212EA8250034589F;
			productRefGroup = BE0C474D212EA8250034589F /* Products */;
			projectDirPath = "";
			projectRoot = "";
			targets = (
				BE0C474B212EA8250034589F /* SOML */,
			);
		};
/* End PBXProject section */

/* Begin PBXResourcesBuildPhase section */
		BE0C474A212EA8250034589F /* Resources */ = {
			isa = PBXResourcesBuildPhase;
			buildActionMask = 2147483647;
			files = (
				BE0C475A212EA8290034589F /* LaunchScreen.storyboard in Resources */,
				BE0C4757212EA8290034589F /* Assets.xcassets in Resources */,
			);
			runOnlyForDeploymentPostprocessing = 0;
		};
/* End PBXResourcesBuildPhase section */

/* Begin PBXShellScriptBuildPhase section */
		F490D0787757AD8A21158BBA /* [CP] Check Pods Manifest.lock */ = {
			isa = PBXShellScriptBuildPhase;
			buildActionMask = 2147483647;
			files = (
			);
			inputPaths = (
				"${PODS_PODFILE_DIR_PATH}/Podfile.lock",
				"${PODS_ROOT}/Manifest.lock",
			);
			name = "[CP] Check Pods Manifest.lock";
			outputPaths = (
				"$(DERIVED_FILE_DIR)/Pods-SOML-checkManifestLockResult.txt",
			);
			runOnlyForDeploymentPostprocessing = 0;
			shellPath = /bin/sh;
			shellScript = "diff \"${PODS_PODFILE_DIR_PATH}/Podfile.lock\" \"${PODS_ROOT}/Manifest.lock\" > /dev/null\nif [ $? != 0 ] ; then\n    # print error to STDERR\n    echo \"error: The sandbox is not in sync with the Podfile.lock. Run 'pod install' or update your CocoaPods installation.\" >&2\n    exit 1\nfi\n# This output is used by Xcode 'outputs' to avoid re-running this script phase.\necho \"SUCCESS\" > \"${SCRIPT_OUTPUT_FILE_0}\"\n";
			showEnvVarsInLog = 0;
		};
		FCCF5837FDD03813F07C8847 /* [CP] Embed Pods Frameworks */ = {
			isa = PBXShellScriptBuildPhase;
			buildActionMask = 2147483647;
			files = (
			);
			inputPaths = (
				"${SRCROOT}/Pods/Target Support Files/Pods-SOML/Pods-SOML-frameworks.sh",
				"${BUILT_PRODUCTS_DIR}/Alamofire/Alamofire.framework",
				"${BUILT_PRODUCTS_DIR}/AlamofireObjectMapper/AlamofireObjectMapper.framework",
				"${BUILT_PRODUCTS_DIR}/Kingfisher/Kingfisher.framework",
				"${BUILT_PRODUCTS_DIR}/NVActivityIndicatorView/NVActivityIndicatorView.framework",
				"${BUILT_PRODUCTS_DIR}/ObjectMapper/ObjectMapper.framework",
				"${BUILT_PRODUCTS_DIR}/SnapKit/SnapKit.framework",
			);
			name = "[CP] Embed Pods Frameworks";
			outputPaths = (
				"${TARGET_BUILD_DIR}/${FRAMEWORKS_FOLDER_PATH}/Alamofire.framework",
				"${TARGET_BUILD_DIR}/${FRAMEWORKS_FOLDER_PATH}/AlamofireObjectMapper.framework",
				"${TARGET_BUILD_DIR}/${FRAMEWORKS_FOLDER_PATH}/Kingfisher.framework",
				"${TARGET_BUILD_DIR}/${FRAMEWORKS_FOLDER_PATH}/NVActivityIndicatorView.framework",
				"${TARGET_BUILD_DIR}/${FRAMEWORKS_FOLDER_PATH}/ObjectMapper.framework",
				"${TARGET_BUILD_DIR}/${FRAMEWORKS_FOLDER_PATH}/SnapKit.framework",
			);
			runOnlyForDeploymentPostprocessing = 0;
			shellPath = /bin/sh;
			shellScript = "\"${SRCROOT}/Pods/Target Support Files/Pods-SOML/Pods-SOML-frameworks.sh\"\n";
			showEnvVarsInLog = 0;
		};
/* End PBXShellScriptBuildPhase section */

/* Begin PBXSourcesBuildPhase section */
		BE0C4748212EA8250034589F /* Sources */ = {
			isa = PBXSourcesBuildPhase;
			buildActionMask = 2147483647;
			files = (
				BE0C4752212EA8250034589F /* ViewController.swift in Sources */,
				BE0C4750212EA8250034589F /* AppDelegate.swift in Sources */,
				BE0C4765212EB4240034589F /* MainTabBarController.swift in Sources */,
				BE0C4763212EB33C0034589F /* AppDelegate+UI.swift in Sources */,
			);
			runOnlyForDeploymentPostprocessing = 0;
		};
/* End PBXSourcesBuildPhase section */

/* Begin PBXVariantGroup section */
		BE0C4758212EA8290034589F /* LaunchScreen.storyboard */ = {
			isa = PBXVariantGroup;
			children = (
				BE0C4759212EA8290034589F /* Base */,
			);
			name = LaunchScreen.storyboard;
			sourceTree = "<group>";
		};
/* End PBXVariantGroup section */

/* Begin XCBuildConfiguration section */
		BE0C475C212EA8290034589F /* Debug */ = {
			isa = XCBuildConfiguration;
			buildSettings = {
				ALWAYS_SEARCH_USER_PATHS = NO;
				CLANG_ANALYZER_NONNULL = YES;
				CLANG_ANALYZER_NUMBER_OBJECT_CONVERSION = YES_AGGRESSIVE;
				CLANG_CXX_LANGUAGE_STANDARD = "gnu++14";
				CLANG_CXX_LIBRARY = "libc++";
				CLANG_ENABLE_MODULES = YES;
				CLANG_ENABLE_OBJC_ARC = YES;
				CLANG_ENABLE_OBJC_WEAK = YES;
				CLANG_WARN_BLOCK_CAPTURE_AUTORELEASING = YES;
				CLANG_WARN_BOOL_CONVERSION = YES;
				CLANG_WARN_COMMA = YES;
				CLANG_WARN_CONSTANT_CONVERSION = YES;
				CLANG_WARN_DEPRECATED_OBJC_IMPLEMENTATIONS = YES;
				CLANG_WARN_DIRECT_OBJC_ISA_USAGE = YES_ERROR;
				CLANG_WARN_DOCUMENTATION_COMMENTS = YES;
				CLANG_WARN_EMPTY_BODY = YES;
				CLANG_WARN_ENUM_CONVERSION = YES;
				CLANG_WARN_INFINITE_RECURSION = YES;
				CLANG_WARN_INT_CONVERSION = YES;
				CLANG_WARN_NON_LITERAL_NULL_CONVERSION = YES;
				CLANG_WARN_OBJC_IMPLICIT_RETAIN_SELF = YES;
				CLANG_WARN_OBJC_LITERAL_CONVERSION = YES;
				CLANG_WARN_OBJC_ROOT_CLASS = YES_ERROR;
				CLANG_WARN_RANGE_LOOP_ANALYSIS = YES;
				CLANG_WARN_STRICT_PROTOTYPES = YES;
				CLANG_WARN_SUSPICIOUS_MOVE = YES;
				CLANG_WARN_UNGUARDED_AVAILABILITY = YES_AGGRESSIVE;
				CLANG_WARN_UNREACHABLE_CODE = YES;
				CLANG_WARN__DUPLICATE_METHOD_MATCH = YES;
				CODE_SIGN_IDENTITY = "iPhone Developer";
				COPY_PHASE_STRIP = NO;
				DEBUG_INFORMATION_FORMAT = dwarf;
				ENABLE_STRICT_OBJC_MSGSEND = YES;
				ENABLE_TESTABILITY = YES;
				GCC_C_LANGUAGE_STANDARD = gnu11;
				GCC_DYNAMIC_NO_PIC = NO;
				GCC_NO_COMMON_BLOCKS = YES;
				GCC_OPTIMIZATION_LEVEL = 0;
				GCC_PREPROCESSOR_DEFINITIONS = (
					"DEBUG=1",
					"$(inherited)",
				);
				GCC_WARN_64_TO_32_BIT_CONVERSION = YES;
				GCC_WARN_ABOUT_RETURN_TYPE = YES_ERROR;
				GCC_WARN_UNDECLARED_SELECTOR = YES;
				GCC_WARN_UNINITIALIZED_AUTOS = YES_AGGRESSIVE;
				GCC_WARN_UNUSED_FUNCTION = YES;
				GCC_WARN_UNUSED_VARIABLE = YES;
				IPHONEOS_DEPLOYMENT_TARGET = 11.4;
				MTL_ENABLE_DEBUG_INFO = YES;
				ONLY_ACTIVE_ARCH = YES;
				SDKROOT = iphoneos;
				SWIFT_ACTIVE_COMPILATION_CONDITIONS = DEBUG;
				SWIFT_OPTIMIZATION_LEVEL = "-Onone";
			};
			name = Debug;
		};
		BE0C475D212EA8290034589F /* Release */ = {
			isa = XCBuildConfiguration;
			buildSettings = {
				ALWAYS_SEARCH_USER_PATHS = NO;
				CLANG_ANALYZER_NONNULL = YES;
				CLANG_ANALYZER_NUMBER_OBJECT_CONVERSION = YES_AGGRESSIVE;
				CLANG_CXX_LANGUAGE_STANDARD = "gnu++14";
				CLANG_CXX_LIBRARY = "libc++";
				CLANG_ENABLE_MODULES = YES;
				CLANG_ENABLE_OBJC_ARC = YES;
				CLANG_ENABLE_OBJC_WEAK = YES;
				CLANG_WARN_BLOCK_CAPTURE_AUTORELEASING = YES;
				CLANG_WARN_BOOL_CONVERSION = YES;
				CLANG_WARN_COMMA = YES;
				CLANG_WARN_CONSTANT_CONVERSION = YES;
				CLANG_WARN_DEPRECATED_OBJC_IMPLEMENTATIONS = YES;
				CLANG_WARN_DIRECT_OBJC_ISA_USAGE = YES_ERROR;
				CLANG_WARN_DOCUMENTATION_COMMENTS = YES;
				CLANG_WARN_EMPTY_BODY = YES;
				CLANG_WARN_ENUM_CONVERSION = YES;
				CLANG_WARN_INFINITE_RECURSION = YES;
				CLANG_WARN_INT_CONVERSION = YES;
				CLANG_WARN_NON_LITERAL_NULL_CONVERSION = YES;
				CLANG_WARN_OBJC_IMPLICIT_RETAIN_SELF = YES;
				CLANG_WARN_OBJC_LITERAL_CONVERSION = YES;
				CLANG_WARN_OBJC_ROOT_CLASS = YES_ERROR;
				CLANG_WARN_RANGE_LOOP_ANALYSIS = YES;
				CLANG_WARN_STRICT_PROTOTYPES = YES;
				CLANG_WARN_SUSPICIOUS_MOVE = YES;
				CLANG_WARN_UNGUARDED_AVAILABILITY = YES_AGGRESSIVE;
				CLANG_WARN_UNREACHABLE_CODE = YES;
				CLANG_WARN__DUPLICATE_METHOD_MATCH = YES;
				CODE_SIGN_IDENTITY = "iPhone Developer";
				COPY_PHASE_STRIP = NO;
				DEBUG_INFORMATION_FORMAT = "dwarf-with-dsym";
				ENABLE_NS_ASSERTIONS = NO;
				ENABLE_STRICT_OBJC_MSGSEND = YES;
				GCC_C_LANGUAGE_STANDARD = gnu11;
				GCC_NO_COMMON_BLOCKS = YES;
				GCC_WARN_64_TO_32_BIT_CONVERSION = YES;
				GCC_WARN_ABOUT_RETURN_TYPE = YES_ERROR;
				GCC_WARN_UNDECLARED_SELECTOR = YES;
				GCC_WARN_UNINITIALIZED_AUTOS = YES_AGGRESSIVE;
				GCC_WARN_UNUSED_FUNCTION = YES;
				GCC_WARN_UNUSED_VARIABLE = YES;
				IPHONEOS_DEPLOYMENT_TARGET = 11.4;
				MTL_ENABLE_DEBUG_INFO = NO;
				SDKROOT = iphoneos;
				SWIFT_COMPILATION_MODE = wholemodule;
				SWIFT_OPTIMIZATION_LEVEL = "-O";
				VALIDATE_PRODUCT = YES;
			};
			name = Release;
		};
		BE0C475F212EA8290034589F /* Debug */ = {
			isa = XCBuildConfiguration;
			baseConfigurationReference = 172A896B31A412F5731772B3 /* Pods-SOML.debug.xcconfig */;
			buildSettings = {
				ASSETCATALOG_COMPILER_APPICON_NAME = AppIcon;
				CODE_SIGN_STYLE = Automatic;
				DEVELOPMENT_TEAM = ZEKMY4ZK97;
				INFOPLIST_FILE = SOML/Info.plist;
				LD_RUNPATH_SEARCH_PATHS = (
					"$(inherited)",
					"@executable_path/Frameworks",
				);
				PRODUCT_BUNDLE_IDENTIFIER = im.maple.SOML;
				PRODUCT_NAME = "$(TARGET_NAME)";
				SWIFT_VERSION = 4.0;
				TARGETED_DEVICE_FAMILY = "1,2";
			};
			name = Debug;
		};
		BE0C4760212EA8290034589F /* Release */ = {
			isa = XCBuildConfiguration;
			baseConfigurationReference = 457BC69297176583EA46B4D4 /* Pods-SOML.release.xcconfig */;
			buildSettings = {
				ASSETCATALOG_COMPILER_APPICON_NAME = AppIcon;
				CODE_SIGN_STYLE = Automatic;
				DEVELOPMENT_TEAM = ZEKMY4ZK97;
				INFOPLIST_FILE = SOML/Info.plist;
				LD_RUNPATH_SEARCH_PATHS = (
					"$(inherited)",
					"@executable_path/Frameworks",
				);
				PRODUCT_BUNDLE_IDENTIFIER = im.maple.SOML;
				PRODUCT_NAME = "$(TARGET_NAME)";
				SWIFT_VERSION = 4.0;
				TARGETED_DEVICE_FAMILY = "1,2";
			};
			name = Release;
		};
/* End XCBuildConfiguration section */

/* Begin XCConfigurationList section */
		BE0C4747212EA8250034589F /* Build configuration list for PBXProject "SOML" */ = {
			isa = XCConfigurationList;
			buildConfigurations = (
				BE0C475C212EA8290034589F /* Debug */,
				BE0C475D212EA8290034589F /* Release */,
			);
			defaultConfigurationIsVisible = 0;
			defaultConfigurationName = Release;
		};
		BE0C475E212EA8290034589F /* Build configuration list for PBXNativeTarget "SOML" */ = {
			isa = XCConfigurationList;
			buildConfigurations = (
				BE0C475F212EA8290034589F /* Debug */,
				BE0C4760212EA8290034589F /* Release */,
			);
			defaultConfigurationIsVisible = 0;
			defaultConfigurationName = Release;
		};
/* End XCConfigurationList section */
	};
	rootObject = BE0C4744212EA8250034589F /* Project object */;
}
